
Microsoft Visual Studio Solution File, Format Version 12.00
# Visual Studio 2013
VisualStudioVersion = 12.0.30501.0
MinimumVisualStudioVersion = 10.0.40219.1
Project("{FAE04EC0-301F-11D3-BF4B-00C04F79EFBC}") = "WebJobReadFromQueue", "WebJobReadFromQueue\WebJobReadFromQueue.csproj", "{61F59692-B81C-40A6-A2C8-2DFE64112FF2}"
EndProject
Project("{FAE04EC0-301F-11D3-BF4B-00C04F79EFBC}") = "Common", "Common\Common.csproj", "{02FF7BDE-41FB-4F10-AF88-A6F96E56DB72}"
EndProject
Project("{FAE04EC0-301F-11D3-BF4B-00C04F79EFBC}") = "AddMessageToQueue", "AddMessageToQueue\AddMessageToQueue.csproj", "{0A995E62-5B1B-42EE-80FD-6A6AF2E765E4}"
EndProject
Global
	GlobalSection(SolutionConfigurationPlatforms) = preSolution
		Debug|Any CPU = Debug|Any CPU
		Release|Any CPU = Release|Any CPU
	EndGlobalSection
	GlobalSection(ProjectConfigurationPlatforms) = postSolution
		{61F59692-B81C-40A6-A2C8-2DFE64112FF2}.Debug|Any CPU.ActiveCfg = Debug|Any CPU
		{61F59692-B81C-40A6-A2C8-2DFE64112FF2}.Debug|Any CPU.Build.0 = Debug|Any CPU
		{61F59692-B81C-40A6-A2C8-2DFE64112FF2}.Release|Any CPU.ActiveCfg = Release|Any CPU
		{61F59692-B81C-40A6-A2C8-2DFE64112FF2}.Release|Any CPU.Build.0 = Release|Any CPU
		{02FF7BDE-41FB-4F10-AF88-A6F96E56DB72}.Debug|Any CPU.ActiveCfg = Debug|Any CPU
		{02FF7BDE-41FB-4F10-AF88-A6F96E56DB72}.Debug|Any CPU.Build.0 = Debug|Any CPU
		{02FF7BDE-41FB-4F10-AF88-A6F96E56DB72}.Release|Any CPU.ActiveCfg = Release|Any CPU
		{02FF7BDE-41FB-4F10-AF88-A6F96E56DB72}.Release|Any CPU.Build.0 = Release|Any CPU
		{0A995E62-5B1B-42EE-80FD-6A6AF2E765E4}.Debug|Any CPU.ActiveCfg = Debug|Any CPU
		{0A995E62-5B1B-42EE-80FD-6A6AF2E765E4}.Debug|Any CPU.Build.0 = Debug|Any CPU
		{0A995E62-5B1B-42EE-80FD-6A6AF2E765E4}.Release|Any CPU.ActiveCfg = Release|Any CPU
		{0A995E62-5B1B-42EE-80FD-6A6AF2E765E4}.Release|Any CPU.Build.0 = Release|Any CPU
	EndGlobalSection
	GlobalSection(SolutionProperties) = preSolution
		HideSolutionNode = FALSE
	EndGlobalSection
EndGlobal
